
Microsoft Visual Studio Solution File, Format Version 12.00
# Visual Studio 15
VisualStudioVersion = 15.0.28010.2050
MinimumVisualStudioVersion = 10.0.40219.1
Project("{FAE04EC0-301F-11D3-BF4B-00C04F79EFBC}") = "LibraryAPI", "LibraryAPI\LibraryAPI.csproj", "{D3DA258C-9436-4E3C-AB87-8DB0E94C030C}"
EndProject
Global
	GlobalSection(SolutionConfigurationPlatforms) = preSolution
		Debug|Any CPU = Debug|Any CPU
		Release|Any CPU = Release|Any CPU
	EndGlobalSection
	GlobalSection(ProjectConfigurationPlatforms) = postSolution
		{D3DA258C-9436-4E3C-AB87-8DB0E94C030C}.Debug|Any CPU.ActiveCfg = Debug|Any CPU
		{D3DA258C-9436-4E3C-AB87-8DB0E94C030C}.Debug|Any CPU.Build.0 = Debug|Any CPU
		{D3DA258C-9436-4E3C-AB87-8DB0E94C030C}.Release|Any CPU.ActiveCfg = Release|Any CPU
		{D3DA258C-9436-4E3C-AB87-8DB0E94C030C}.Release|Any CPU.Build.0 = Release|Any CPU
	EndGlobalSection
	GlobalSection(SolutionProperties) = preSolution
		HideSolutionNode = FALSE
	EndGlobalSection
	GlobalSection(ExtensibilityGlobals) = postSolution
		SolutionGuid = {A766A908-F146-47C1-9D0E-26AD99FCEB66}
	EndGlobalSection
EndGlobal
